// !$*UTF8*$!
{
	archiveVersion = 1;
	classes = {
	};
	objectVersion = 51;
	objects = {

/* Begin PBXBuildFile section */
		4213FF622383879D00B22FEA /* AppDelegate.swift in Sources */ = {isa = PBXBuildFile; fileRef = 4213FF612383879D00B22FEA /* AppDelegate.swift */; };
		4213FF642383879D00B22FEA /* SceneDelegate.swift in Sources */ = {isa = PBXBuildFile; fileRef = 4213FF632383879D00B22FEA /* SceneDelegate.swift */; };
		4213FF662383879D00B22FEA /* ToDoListViewController.swift in Sources */ = {isa = PBXBuildFile; fileRef = 4213FF652383879D00B22FEA /* ToDoListViewController.swift */; };
		4213FF692383879D00B22FEA /* Main.storyboard in Resources */ = {isa = PBXBuildFile; fileRef = 4213FF672383879D00B22FEA /* Main.storyboard */; };
		4213FF6B2383879E00B22FEA /* Assets.xcassets in Resources */ = {isa = PBXBuildFile; fileRef = 4213FF6A2383879E00B22FEA /* Assets.xcassets */; };
		4213FF6E2383879E00B22FEA /* LaunchScreen.storyboard in Resources */ = {isa = PBXBuildFile; fileRef = 4213FF6C2383879E00B22FEA /* LaunchScreen.storyboard */; };
		4213FFA8238B118400B22FEA /* CategoryViewController.swift in Sources */ = {isa = PBXBuildFile; fileRef = 4213FFA7238B118400B22FEA /* CategoryViewController.swift */; };
		4213FFAC238E176700B22FEA /* Item.swift in Sources */ = {isa = PBXBuildFile; fileRef = 4213FFAB238E176700B22FEA /* Item.swift */; };
		4213FFAE238E178400B22FEA /* Category.swift in Sources */ = {isa = PBXBuildFile; fileRef = 4213FFAD238E178400B22FEA /* Category.swift */; };
		F7BFBCE8212A50D364885458 /* Pods_Todoey.framework in Frameworks */ = {isa = PBXBuildFile; fileRef = 4D225E97D382588EBFE055B1 /* Pods_Todoey.framework */; };
/* End PBXBuildFile section */

/* Begin PBXFileReference section */
		15D7984C606C719C5528562F /* Pods-Todoey.debug.xcconfig */ = {isa = PBXFileReference; includeInIndex = 1; lastKnownFileType = text.xcconfig; name = "Pods-Todoey.debug.xcconfig"; path = "Target Support Files/Pods-Todoey/Pods-Todoey.debug.xcconfig"; sourceTree = "<group>"; };
		4213FF5E2383879D00B22FEA /* Todoey.app */ = {isa = PBXFileReference; explicitFileType = wrapper.application; includeInIndex = 0; path = Todoey.app; sourceTree = BUILT_PRODUCTS_DIR; };
		4213FF612383879D00B22FEA /* AppDelegate.swift */ = {isa = PBXFileReference; lastKnownFileType = sourcecode.swift; path = AppDelegate.swift; sourceTree = "<group>"; };
		4213FF632383879D00B22FEA /* SceneDelegate.swift */ = {isa = PBXFileReference; lastKnownFileType = sourcecode.swift; path = SceneDelegate.swift; sourceTree = "<group>"; };
		4213FF652383879D00B22FEA /* ToDoListViewController.swift */ = {isa = PBXFileReference; lastKnownFileType = sourcecode.swift; path = ToDoListViewController.swift; sourceTree = "<group>"; };
		4213FF682383879D00B22FEA /* Base */ = {isa = PBXFileReference; lastKnownFileType = file.storyboard; name = Base; path = Base.lproj/Main.storyboard; sourceTree = "<group>"; };
		4213FF6A2383879E00B22FEA /* Assets.xcassets */ = {isa = PBXFileReference; lastKnownFileType = folder.assetcatalog; path = Assets.xcassets; sourceTree = "<group>"; };
		4213FF6D2383879E00B22FEA /* Base */ = {isa = PBXFileReference; lastKnownFileType = file.storyboard; name = Base; path = Base.lproj/LaunchScreen.storyboard; sourceTree = "<group>"; };
		4213FF6F2383879E00B22FEA /* Info.plist */ = {isa = PBXFileReference; lastKnownFileType = text.plist.xml; path = Info.plist; sourceTree = "<group>"; };
		4213FFA7238B118400B22FEA /* CategoryViewController.swift */ = {isa = PBXFileReference; lastKnownFileType = sourcecode.swift; path = CategoryViewController.swift; sourceTree = "<group>"; };
		4213FFAB238E176700B22FEA /* Item.swift */ = {isa = PBXFileReference; lastKnownFileType = sourcecode.swift; path = Item.swift; sourceTree = "<group>"; };
		4213FFAD238E178400B22FEA /* Category.swift */ = {isa = PBXFileReference; lastKnownFileType = sourcecode.swift; path = Category.swift; sourceTree = "<group>"; };
		4D225E97D382588EBFE055B1 /* Pods_Todoey.framework */ = {isa = PBXFileReference; explicitFileType = wrapper.framework; includeInIndex = 0; path = Pods_Todoey.framework; sourceTree = BUILT_PRODUCTS_DIR; };
		5A4E9F4B9EE9521191E705C6 /* Pods-Todoey.release.xcconfig */ = {isa = PBXFileReference; includeInIndex = 1; lastKnownFileType = text.xcconfig; name = "Pods-Todoey.release.xcconfig"; path = "Target Support Files/Pods-Todoey/Pods-Todoey.release.xcconfig"; sourceTree = "<group>"; };
/* End PBXFileReference section */

/* Begin PBXFrameworksBuildPhase section */
		4213FF5B2383879D00B22FEA /* Frameworks */ = {
			isa = PBXFrameworksBuildPhase;
			buildActionMask = 2147483647;
			files = (
				F7BFBCE8212A50D364885458 /* Pods_Todoey.framework in Frameworks */,
			);
			runOnlyForDeploymentPostprocessing = 0;
		};
/* End PBXFrameworksBuildPhase section */

/* Begin PBXGroup section */
		4213FF552383879D00B22FEA = {
			isa = PBXGroup;
			children = (
				4213FF602383879D00B22FEA /* Todoey */,
				4213FF5F2383879D00B22FEA /* Products */,
				7CEEE90949CC71CC7A1AD4CE /* Pods */,
				D42710AA9ECF64C5DABF60E5 /* Frameworks */,
			);
			sourceTree = "<group>";
		};
		4213FF5F2383879D00B22FEA /* Products */ = {
			isa = PBXGroup;
			children = (
				4213FF5E2383879D00B22FEA /* Todoey.app */,
			);
			name = Products;
			sourceTree = "<group>";
		};
		4213FF602383879D00B22FEA /* Todoey */ = {
			isa = PBXGroup;
			children = (
				4213FF612383879D00B22FEA /* AppDelegate.swift */,
				4213FF632383879D00B22FEA /* SceneDelegate.swift */,
				4213FF782389B26F00B22FEA /* Controllers */,
				4213FF772389B25400B22FEA /* Data Model */,
				4213FF792389B28600B22FEA /* Views */,
				4213FF7A2389B29D00B22FEA /* Supporting Files */,
				4213FF6F2383879E00B22FEA /* Info.plist */,
			);
			path = Todoey;
			sourceTree = "<group>";
		};
		4213FF772389B25400B22FEA /* Data Model */ = {
			isa = PBXGroup;
			children = (
				4213FFAD238E178400B22FEA /* Category.swift */,
				4213FFAB238E176700B22FEA /* Item.swift */,
			);
			path = "Data Model";
			sourceTree = "<group>";
		};
		4213FF782389B26F00B22FEA /* Controllers */ = {
			isa = PBXGroup;
			children = (
				4213FFA7238B118400B22FEA /* CategoryViewController.swift */,
				4213FF652383879D00B22FEA /* ToDoListViewController.swift */,
			);
			path = Controllers;
			sourceTree = "<group>";
		};
		4213FF792389B28600B22FEA /* Views */ = {
			isa = PBXGroup;
			children = (
				4213FF672383879D00B22FEA /* Main.storyboard */,
			);
			path = Views;
			sourceTree = "<group>";
		};
		4213FF7A2389B29D00B22FEA /* Supporting Files */ = {
			isa = PBXGroup;
			children = (
				4213FF6A2383879E00B22FEA /* Assets.xcassets */,
				4213FF6C2383879E00B22FEA /* LaunchScreen.storyboard */,
			);
			path = "Supporting Files";
			sourceTree = "<group>";
		};
		7CEEE90949CC71CC7A1AD4CE /* Pods */ = {
			isa = PBXGroup;
			children = (
				15D7984C606C719C5528562F /* Pods-Todoey.debug.xcconfig */,
				5A4E9F4B9EE9521191E705C6 /* Pods-Todoey.release.xcconfig */,
			);
			path = Pods;
			sourceTree = "<group>";
		};
		D42710AA9ECF64C5DABF60E5 /* Frameworks */ = {
			isa = PBXGroup;
			children = (
				4D225E97D382588EBFE055B1 /* Pods_Todoey.framework */,
			);
			name = Frameworks;
			sourceTree = "<group>";
		};
/* End PBXGroup section */

/* Begin PBXNativeTarget section */
		4213FF5D2383879D00B22FEA /* Todoey */ = {
			isa = PBXNativeTarget;
			buildConfigurationList = 4213FF722383879E00B22FEA /* Build configuration list for PBXNativeTarget "Todoey" */;
			buildPhases = (
				67E995B5687D2B18F95BA5AA /* [CP] Check Pods Manifest.lock */,
				4213FF5A2383879D00B22FEA /* Sources */,
				4213FF5B2383879D00B22FEA /* Frameworks */,
				4213FF5C2383879D00B22FEA /* Resources */,
				66FCA1554FBC1EC7538CC909 /* [CP] Embed Pods Frameworks */,
			);
			buildRules = (
			);
			dependencies = (
			);
			name = Todoey;
			productName = Todoey;
			productReference = 4213FF5E2383879D00B22FEA /* Todoey.app */;
			productType = "com.apple.product-type.application";
		};
/* End PBXNativeTarget section */

/* Begin PBXProject section */
		4213FF562383879D00B22FEA /* Project object */ = {
			isa = PBXProject;
			attributes = {
				LastSwiftUpdateCheck = 1120;
				LastUpgradeCheck = 1120;
				ORGANIZATIONNAME = "Hani Joudeh";
				TargetAttributes = {
					4213FF5D2383879D00B22FEA = {
						CreatedOnToolsVersion = 11.2.1;
					};
				};
			};
			buildConfigurationList = 4213FF592383879D00B22FEA /* Build configuration list for PBXProject "Todoey" */;
			compatibilityVersion = "Xcode 9.3";
			developmentRegion = en;
			hasScannedForEncodings = 0;
			knownRegions = (
				en,
				Base,
			);
			mainGroup = 4213FF552383879D00B22FEA;
			productRefGroup = 4213FF5F2383879D00B22FEA /* Products */;
			projectDirPath = "";
			projectRoot = "";
			targets = (
				4213FF5D2383879D00B22FEA /* Todoey */,
			);
		};
/* End PBXProject section */

/* Begin PBXResourcesBuildPhase section */
		4213FF5C2383879D00B22FEA /* Resources */ = {
			isa = PBXResourcesBuildPhase;
			buildActionMask = 2147483647;
			files = (
				4213FF6E2383879E00B22FEA /* LaunchScreen.storyboard in Resources */,
				4213FF6B2383879E00B22FEA /* Assets.xcassets in Resources */,
				4213FF692383879D00B22FEA /* Main.storyboard in Resources */,
			);
			runOnlyForDeploymentPostprocessing = 0;
		};
/* End PBXResourcesBuildPhase section */

/* Begin PBXShellScriptBuildPhase section */
		66FCA1554FBC1EC7538CC909 /* [CP] Embed Pods Frameworks */ = {
			isa = PBXShellScriptBuildPhase;
			buildActionMask = 2147483647;
			files = (
			);
			inputFileListPaths = (
				"${PODS_ROOT}/Target Support Files/Pods-Todoey/Pods-Todoey-frameworks-${CONFIGURATION}-input-files.xcfilelist",
			);
			name = "[CP] Embed Pods Frameworks";
			outputFileListPaths = (
				"${PODS_ROOT}/Target Support Files/Pods-Todoey/Pods-Todoey-frameworks-${CONFIGURATION}-output-files.xcfilelist",
			);
			runOnlyForDeploymentPostprocessing = 0;
			shellPath = /bin/sh;
			shellScript = "\"${PODS_ROOT}/Target Support Files/Pods-Todoey/Pods-Todoey-frameworks.sh\"\n";
			showEnvVarsInLog = 0;
		};
		67E995B5687D2B18F95BA5AA /* [CP] Check Pods Manifest.lock */ = {
			isa = PBXShellScriptBuildPhase;
			buildActionMask = 2147483647;
			files = (
			);
			inputFileListPaths = (
			);
			inputPaths = (
				"${PODS_PODFILE_DIR_PATH}/Podfile.lock",
				"${PODS_ROOT}/Manifest.lock",
			);
			name = "[CP] Check Pods Manifest.lock";
			outputFileListPaths = (
			);
			outputPaths = (
				"$(DERIVED_FILE_DIR)/Pods-Todoey-checkManifestLockResult.txt",
			);
			runOnlyForDeploymentPostprocessing = 0;
			shellPath = /bin/sh;
			shellScript = "diff \"${PODS_PODFILE_DIR_PATH}/Podfile.lock\" \"${PODS_ROOT}/Manifest.lock\" > /dev/null\nif [ $? != 0 ] ; then\n    # print error to STDERR\n    echo \"error: The sandbox is not in sync with the Podfile.lock. Run 'pod install' or update your CocoaPods installation.\" >&2\n    exit 1\nfi\n# This output is used by Xcode 'outputs' to avoid re-running this script phase.\necho \"SUCCESS\" > \"${SCRIPT_OUTPUT_FILE_0}\"\n";
			showEnvVarsInLog = 0;
		};
/* End PBXShellScriptBuildPhase section */

/* Begin PBXSourcesBuildPhase section */
		4213FF5A2383879D00B22FEA /* Sources */ = {
			isa = PBXSourcesBuildPhase;
			buildActionMask = 2147483647;
			files = (
				4213FFA8238B118400B22FEA /* CategoryViewController.swift in Sources */,
				4213FF662383879D00B22FEA /* ToDoListViewController.swift in Sources */,
				4213FF622383879D00B22FEA /* AppDelegate.swift in Sources */,
				4213FFAC238E176700B22FEA /* Item.swift in Sources */,
				4213FF642383879D00B22FEA /* SceneDelegate.swift in Sources */,
				4213FFAE238E178400B22FEA /* Category.swift in Sources */,
			);
			runOnlyForDeploymentPostprocessing = 0;
		};
/* End PBXSourcesBuildPhase section */

/* Begin PBXVariantGroup section */
		4213FF672383879D00B22FEA /* Main.storyboard */ = {
			isa = PBXVariantGroup;
			children = (
				4213FF682383879D00B22FEA /* Base */,
			);
			name = Main.storyboard;
			sourceTree = "<group>";
		};
		4213FF6C2383879E00B22FEA /* LaunchScreen.storyboard */ = {
			isa = PBXVariantGroup;
			children = (
				4213FF6D2383879E00B22FEA /* Base */,
			);
			name = LaunchScreen.storyboard;
			sourceTree = "<group>";
		};
/* End PBXVariantGroup section */

/* Begin XCBuildConfiguration section */
		4213FF702383879E00B22FEA /* Debug */ = {
			isa = XCBuildConfiguration;
			buildSettings = {
				ALWAYS_SEARCH_USER_PATHS = NO;
				CLANG_ANALYZER_NONNULL = YES;
				CLANG_ANALYZER_NUMBER_OBJECT_CONVERSION = YES_AGGRESSIVE;
				CLANG_CXX_LANGUAGE_STANDARD = "gnu++14";
				CLANG_CXX_LIBRARY = "libc++";
				CLANG_ENABLE_MODULES = YES;
				CLANG_ENABLE_OBJC_ARC = YES;
				CLANG_ENABLE_OBJC_WEAK = YES;
				CLANG_WARN_BLOCK_CAPTURE_AUTORELEASING = YES;
				CLANG_WARN_BOOL_CONVERSION = YES;
				CLANG_WARN_COMMA = YES;
				CLANG_WARN_CONSTANT_CONVERSION = YES;
				CLANG_WARN_DEPRECATED_OBJC_IMPLEMENTATIONS = YES;
				CLANG_WARN_DIRECT_OBJC_ISA_USAGE = YES_ERROR;
				CLANG_WARN_DOCUMENTATION_COMMENTS = YES;
				CLANG_WARN_EMPTY_BODY = YES;
				CLANG_WARN_ENUM_CONVERSION = YES;
				CLANG_WARN_INFINITE_RECURSION = YES;
				CLANG_WARN_INT_CONVERSION = YES;
				CLANG_WARN_NON_LITERAL_NULL_CONVERSION = YES;
				CLANG_WARN_OBJC_IMPLICIT_RETAIN_SELF = YES;
				CLANG_WARN_OBJC_LITERAL_CONVERSION = YES;
				CLANG_WARN_OBJC_ROOT_CLASS = YES_ERROR;
				CLANG_WARN_RANGE_LOOP_ANALYSIS = YES;
				CLANG_WARN_STRICT_PROTOTYPES = YES;
				CLANG_WARN_SUSPICIOUS_MOVE = YES;
				CLANG_WARN_UNGUARDED_AVAILABILITY = YES_AGGRESSIVE;
				CLANG_WARN_UNREACHABLE_CODE = YES;
				CLANG_WARN__DUPLICATE_METHOD_MATCH = YES;
				COPY_PHASE_STRIP = NO;
				DEBUG_INFORMATION_FORMAT = dwarf;
				ENABLE_STRICT_OBJC_MSGSEND = YES;
				ENABLE_TESTABILITY = YES;
				GCC_C_LANGUAGE_STANDARD = gnu11;
				GCC_DYNAMIC_NO_PIC = NO;
				GCC_NO_COMMON_BLOCKS = YES;
				GCC_OPTIMIZATION_LEVEL = 0;
				GCC_PREPROCESSOR_DEFINITIONS = (
					"DEBUG=1",
					"$(inherited)",
				);
				GCC_WARN_64_TO_32_BIT_CONVERSION = YES;
				GCC_WARN_ABOUT_RETURN_TYPE = YES_ERROR;
				GCC_WARN_UNDECLARED_SELECTOR = YES;
				GCC_WARN_UNINITIALIZED_AUTOS = YES_AGGRESSIVE;
				GCC_WARN_UNUSED_FUNCTION = YES;
				GCC_WARN_UNUSED_VARIABLE = YES;
				IPHONEOS_DEPLOYMENT_TARGET = 13.2;
				MTL_ENABLE_DEBUG_INFO = INCLUDE_SOURCE;
				MTL_FAST_MATH = YES;
				ONLY_ACTIVE_ARCH = YES;
				SDKROOT = iphoneos;
				SWIFT_ACTIVE_COMPILATION_CONDITIONS = DEBUG;
				SWIFT_OPTIMIZATION_LEVEL = "-Onone";
			};
			name = Debug;
		};
		4213FF712383879E00B22FEA /* Release */ = {
			isa = XCBuildConfiguration;
			buildSettings = {
				ALWAYS_SEARCH_USER_PATHS = NO;
				CLANG_ANALYZER_NONNULL = YES;
				CLANG_ANALYZER_NUMBER_OBJECT_CONVERSION = YES_AGGRESSIVE;
				CLANG_CXX_LANGUAGE_STANDARD = "gnu++14";
				CLANG_CXX_LIBRARY = "libc++";
				CLANG_ENABLE_MODULES = YES;
				CLANG_ENABLE_OBJC_ARC = YES;
				CLANG_ENABLE_OBJC_WEAK = YES;
				CLANG_WARN_BLOCK_CAPTURE_AUTORELEASING = YES;
				CLANG_WARN_BOOL_CONVERSION = YES;
				CLANG_WARN_COMMA = YES;
				CLANG_WARN_CONSTANT_CONVERSION = YES;
				CLANG_WARN_DEPRECATED_OBJC_IMPLEMENTATIONS = YES;
				CLANG_WARN_DIRECT_OBJC_ISA_USAGE = YES_ERROR;
				CLANG_WARN_DOCUMENTATION_COMMENTS = YES;
				CLANG_WARN_EMPTY_BODY = YES;
				CLANG_WARN_ENUM_CONVERSION = YES;
				CLANG_WARN_INFINITE_RECURSION = YES;
				CLANG_WARN_INT_CONVERSION = YES;
				CLANG_WARN_NON_LITERAL_NULL_CONVERSION = YES;
				CLANG_WARN_OBJC_IMPLICIT_RETAIN_SELF = YES;
				CLANG_WARN_OBJC_LITERAL_CONVERSION = YES;
				CLANG_WARN_OBJC_ROOT_CLASS = YES_ERROR;
				CLANG_WARN_RANGE_LOOP_ANALYSIS = YES;
				CLANG_WARN_STRICT_PROTOTYPES = YES;
				CLANG_WARN_SUSPICIOUS_MOVE = YES;
				CLANG_WARN_UNGUARDED_AVAILABILITY = YES_AGGRESSIVE;
				CLANG_WARN_UNREACHABLE_CODE = YES;
				CLANG_WARN__DUPLICATE_METHOD_MATCH = YES;
				COPY_PHASE_STRIP = NO;
				DEBUG_INFORMATION_FORMAT = "dwarf-with-dsym";
				ENABLE_NS_ASSERTIONS = NO;
				ENABLE_STRICT_OBJC_MSGSEND = YES;
				GCC_C_LANGUAGE_STANDARD = gnu11;
				GCC_NO_COMMON_BLOCKS = YES;
				GCC_WARN_64_TO_32_BIT_CONVERSION = YES;
				GCC_WARN_ABOUT_RETURN_TYPE = YES_ERROR;
				GCC_WARN_UNDECLARED_SELECTOR = YES;
				GCC_WARN_UNINITIALIZED_AUTOS = YES_AGGRESSIVE;
				GCC_WARN_UNUSED_FUNCTION = YES;
				GCC_WARN_UNUSED_VARIABLE = YES;
				IPHONEOS_DEPLOYMENT_TARGET = 13.2;
				MTL_ENABLE_DEBUG_INFO = NO;
				MTL_FAST_MATH = YES;
				SDKROOT = iphoneos;
				SWIFT_COMPILATION_MODE = wholemodule;
				SWIFT_OPTIMIZATION_LEVEL = "-O";
				VALIDATE_PRODUCT = YES;
			};
			name = Release;
		};
		4213FF732383879E00B22FEA /* Debug */ = {
			isa = XCBuildConfiguration;
			baseConfigurationReference = 15D7984C606C719C5528562F /* Pods-Todoey.debug.xcconfig */;
			buildSettings = {
				ASSETCATALOG_COMPILER_APPICON_NAME = AppIcon;
				CODE_SIGN_STYLE = Automatic;
				DEVELOPMENT_TEAM = 82M8Q9P72L;
				INFOPLIST_FILE = Todoey/Info.plist;
				LD_RUNPATH_SEARCH_PATHS = (
					"$(inherited)",
					"@executable_path/Frameworks",
				);
				PRODUCT_BUNDLE_IDENTIFIER = com.hanijoudeh.Todoey;
				PRODUCT_NAME = "$(TARGET_NAME)";
				SWIFT_VERSION = 5.0;
				TARGETED_DEVICE_FAMILY = "1,2";
			};
			name = Debug;
		};
		4213FF742383879E00B22FEA /* Release */ = {
			isa = XCBuildConfiguration;
			baseConfigurationReference = 5A4E9F4B9EE9521191E705C6 /* Pods-Todoey.release.xcconfig */;
			buildSettings = {
				ASSETCATALOG_COMPILER_APPICON_NAME = AppIcon;
				CODE_SIGN_STYLE = Automatic;
				DEVELOPMENT_TEAM = 82M8Q9P72L;
				INFOPLIST_FILE = Todoey/Info.plist;
				LD_RUNPATH_SEARCH_PATHS = (
					"$(inherited)",
					"@executable_path/Frameworks",
				);
				PRODUCT_BUNDLE_IDENTIFIER = com.hanijoudeh.Todoey;
				PRODUCT_NAME = "$(TARGET_NAME)";
				SWIFT_VERSION = 5.0;
				TARGETED_DEVICE_FAMILY = "1,2";
			};
			name = Release;
		};
/* End XCBuildConfiguration section */

/* Begin XCConfigurationList section */
		4213FF592383879D00B22FEA /* Build configuration list for PBXProject "Todoey" */ = {
			isa = XCConfigurationList;
			buildConfigurations = (
				4213FF702383879E00B22FEA /* Debug */,
				4213FF712383879E00B22FEA /* Release */,
			);
			defaultConfigurationIsVisible = 0;
			defaultConfigurationName = Release;
		};
		4213FF722383879E00B22FEA /* Build configuration list for PBXNativeTarget "Todoey" */ = {
			isa = XCConfigurationList;
			buildConfigurations = (
				4213FF732383879E00B22FEA /* Debug */,
				4213FF742383879E00B22FEA /* Release */,
			);
			defaultConfigurationIsVisible = 0;
			defaultConfigurationName = Release;
		};
/* End XCConfigurationList section */
	};
	rootObject = 4213FF562383879D00B22FEA /* Project object */;
}
